
Microsoft Visual Studio Solution File, Format Version 12.00
# Visual Studio Version 17
VisualStudioVersion = 17.9.34622.214
MinimumVisualStudioVersion = 10.0.40219.1
Project("{FAE04EC0-301F-11D3-BF4B-00C04F79EFBC}") = "A5_FileBackupCS", "A5_FileBackupCS.csproj", "{07779639-9680-4923-AA7C-B97C802F8F0F}"
EndProject
Global
	GlobalSection(SolutionConfigurationPlatforms) = preSolution
		Debug|Any CPU = Debug|Any CPU
		Release|Any CPU = Release|Any CPU
	EndGlobalSection
	GlobalSection(ProjectConfigurationPlatforms) = postSolution
		{07779639-9680-4923-AA7C-B97C802F8F0F}.Debug|Any CPU.ActiveCfg = Debug|Any CPU
		{07779639-9680-4923-AA7C-B97C802F8F0F}.Debug|Any CPU.Build.0 = Debug|Any CPU
		{07779639-9680-4923-AA7C-B97C802F8F0F}.Release|Any CPU.ActiveCfg = Release|Any CPU
		{07779639-9680-4923-AA7C-B97C802F8F0F}.Release|Any CPU.Build.0 = Release|Any CPU
	EndGlobalSection
	GlobalSection(SolutionProperties) = preSolution
		HideSolutionNode = FALSE
	EndGlobalSection
	GlobalSection(ExtensibilityGlobals) = postSolution
		SolutionGuid = {D52B2DF9-E7E6-4F50-B4E7-DEE35142C385}
	EndGlobalSection
EndGlobal
