
Microsoft Visual Studio Solution File, Format Version 12.00
# Visual Studio Version 17
VisualStudioVersion = 17.9.34723.18
MinimumVisualStudioVersion = 10.0.40219.1
Project("{FAE04EC0-301F-11D3-BF4B-00C04F79EFBC}") = "BankruptByBugs_part2", "BankruptByBugs_part2\BankruptByBugs_part2.csproj", "{B2B104F6-906C-4A70-BCC6-C6CE9FBF9677}"
EndProject
Global
	GlobalSection(SolutionConfigurationPlatforms) = preSolution
		Debug|Any CPU = Debug|Any CPU
		Release|Any CPU = Release|Any CPU
	EndGlobalSection
	GlobalSection(ProjectConfigurationPlatforms) = postSolution
		{B2B104F6-906C-4A70-BCC6-C6CE9FBF9677}.Debug|Any CPU.ActiveCfg = Debug|Any CPU
		{B2B104F6-906C-4A70-BCC6-C6CE9FBF9677}.Debug|Any CPU.Build.0 = Debug|Any CPU
		{B2B104F6-906C-4A70-BCC6-C6CE9FBF9677}.Release|Any CPU.ActiveCfg = Release|Any CPU
		{B2B104F6-906C-4A70-BCC6-C6CE9FBF9677}.Release|Any CPU.Build.0 = Release|Any CPU
	EndGlobalSection
	GlobalSection(SolutionProperties) = preSolution
		HideSolutionNode = FALSE
	EndGlobalSection
	GlobalSection(ExtensibilityGlobals) = postSolution
		SolutionGuid = {5CB48C4F-C168-404D-9898-AC21813DF705}
	EndGlobalSection
EndGlobal
